
Microsoft Visual Studio Solution File, Format Version 12.00
# Visual Studio 15
VisualStudioVersion = 15.0.27428.1
MinimumVisualStudioVersion = 10.0.40219.1
Project("{8BC9CEB8-8B4A-11D0-8D11-00A0C91BC942}") = "Lab 5-6 Template", "Lab 5-6 Template\Lab 5-6 Template.vcxproj", "{09D7D023-D5EF-46DB-926D-F1D10956573F}"
EndProject
Global
	GlobalSection(SolutionConfigurationPlatforms) = preSolution
		Debug|x64 = Debug|x64
		Debug|x86 = Debug|x86
		Release|x64 = Release|x64
		Release|x86 = Release|x86
	EndGlobalSection
	GlobalSection(ProjectConfigurationPlatforms) = postSolution
		{09D7D023-D5EF-46DB-926D-F1D10956573F}.Debug|x64.ActiveCfg = Debug|x64
		{09D7D023-D5EF-46DB-926D-F1D10956573F}.Debug|x64.Build.0 = Debug|x64
		{09D7D023-D5EF-46DB-926D-F1D10956573F}.Debug|x86.ActiveCfg = Debug|Win32
		{09D7D023-D5EF-46DB-926D-F1D10956573F}.Debug|x86.Build.0 = Debug|Win32
		{09D7D023-D5EF-46DB-926D-F1D10956573F}.Release|x64.ActiveCfg = Release|x64
		{09D7D023-D5EF-46DB-926D-F1D10956573F}.Release|x64.Build.0 = Release|x64
		{09D7D023-D5EF-46DB-926D-F1D10956573F}.Release|x86.ActiveCfg = Release|Win32
		{09D7D023-D5EF-46DB-926D-F1D10956573F}.Release|x86.Build.0 = Release|Win32
	EndGlobalSection
	GlobalSection(SolutionProperties) = preSolution
		HideSolutionNode = FALSE
	EndGlobalSection
	GlobalSection(ExtensibilityGlobals) = postSolution
		SolutionGuid = {EC1EB0AD-8EA6-48F2-ABCB-15396301FB67}
	EndGlobalSection
EndGlobal
